// !$*UTF8*$!
{
	archiveVersion = 1;
	classes = {
	};
	objectVersion = 54;
	objects = {

/* Begin PBXBuildFile section */
		0071742A36F0FADD56A2A041 /* Pods_TonyHelp.framework in Frameworks */ = {isa = PBXBuildFile; fileRef = 4DCEFB428E5608CAB8807ACB /* Pods_TonyHelp.framework */; };
		D0064A1E26A28EA100AD764E /* AppDelegate.swift in Sources */ = {isa = PBXBuildFile; fileRef = D0064A1D26A28EA100AD764E /* AppDelegate.swift */; };
		D0064A2226A28EA100AD764E /* ViewController.swift in Sources */ = {isa = PBXBuildFile; fileRef = D0064A2126A28EA100AD764E /* ViewController.swift */; };
		D0064A2526A28EA100AD764E /* Main.storyboard in Resources */ = {isa = PBXBuildFile; fileRef = D0064A2326A28EA100AD764E /* Main.storyboard */; };
		D0064A2726A28EA200AD764E /* Assets.xcassets in Resources */ = {isa = PBXBuildFile; fileRef = D0064A2626A28EA200AD764E /* Assets.xcassets */; };
		D0064A2A26A28EA200AD764E /* LaunchScreen.storyboard in Resources */ = {isa = PBXBuildFile; fileRef = D0064A2826A28EA200AD764E /* LaunchScreen.storyboard */; };
		D010609E26CCFB7D001626A0 /* THPasswordController.swift in Sources */ = {isa = PBXBuildFile; fileRef = D010609C26CCFB7D001626A0 /* THPasswordController.swift */; };
		D010609F26CCFB7D001626A0 /* THPasswordController.xib in Resources */ = {isa = PBXBuildFile; fileRef = D010609D26CCFB7D001626A0 /* THPasswordController.xib */; };
		D01060A126CCFC9C001626A0 /* PwSecureView.swift in Sources */ = {isa = PBXBuildFile; fileRef = D01060A026CCFC9C001626A0 /* PwSecureView.swift */; };
		D01060A326CCFCEE001626A0 /* PwNumberLayout.swift in Sources */ = {isa = PBXBuildFile; fileRef = D01060A226CCFCEE001626A0 /* PwNumberLayout.swift */; };
		D01060A526CD117D001626A0 /* PwNumberCell.swift in Sources */ = {isa = PBXBuildFile; fileRef = D01060A426CD117D001626A0 /* PwNumberCell.swift */; };
		D01060A726CD1182001626A0 /* PwNumberCell.xib in Resources */ = {isa = PBXBuildFile; fileRef = D01060A626CD1182001626A0 /* PwNumberCell.xib */; };
		D01060AF26CDE30D001626A0 /* DataBaseProtocol.swift in Sources */ = {isa = PBXBuildFile; fileRef = D01060A926CDE30D001626A0 /* DataBaseProtocol.swift */; };
		D01060B026CDE30D001626A0 /* Account+CoreDataProperties.swift in Sources */ = {isa = PBXBuildFile; fileRef = D01060AA26CDE30D001626A0 /* Account+CoreDataProperties.swift */; };
		D01060B126CDE30D001626A0 /* ExtensionCoreData.swift in Sources */ = {isa = PBXBuildFile; fileRef = D01060AB26CDE30D001626A0 /* ExtensionCoreData.swift */; };
		D01060B226CDE30D001626A0 /* Account+CoreDataClass.swift in Sources */ = {isa = PBXBuildFile; fileRef = D01060AC26CDE30D001626A0 /* Account+CoreDataClass.swift */; };
		D01060B326CDE30D001626A0 /* AppKey+CoreDataClass.swift in Sources */ = {isa = PBXBuildFile; fileRef = D01060AD26CDE30D001626A0 /* AppKey+CoreDataClass.swift */; };
		D01060B426CDE30D001626A0 /* AppKey+CoreDataProperties.swift in Sources */ = {isa = PBXBuildFile; fileRef = D01060AE26CDE30D001626A0 /* AppKey+CoreDataProperties.swift */; };
		D01060BB26CDE33D001626A0 /* PwToast.swift in Sources */ = {isa = PBXBuildFile; fileRef = D01060B726CDE33D001626A0 /* PwToast.swift */; };
		D01060BC26CDE33D001626A0 /* PwDisplayManager.swift in Sources */ = {isa = PBXBuildFile; fileRef = D01060B826CDE33D001626A0 /* PwDisplayManager.swift */; };
		D01060BD26CDE33D001626A0 /* PwActionView.swift in Sources */ = {isa = PBXBuildFile; fileRef = D01060BA26CDE33D001626A0 /* PwActionView.swift */; };
		D01060C026CDE52C001626A0 /* TonyHelp.xcdatamodeld in Sources */ = {isa = PBXBuildFile; fileRef = D01060BE26CDE52C001626A0 /* TonyHelp.xcdatamodeld */; };
		D01060C326D381A9001626A0 /* THTabbarMenu.swift in Sources */ = {isa = PBXBuildFile; fileRef = D01060C226D381A9001626A0 /* THTabbarMenu.swift */; };
		D025AAD326E0A057001721C4 /* THAddViewController.swift in Sources */ = {isa = PBXBuildFile; fileRef = D025AAD126E0A057001721C4 /* THAddViewController.swift */; };
		D025AAD426E0A057001721C4 /* THAddViewController.xib in Resources */ = {isa = PBXBuildFile; fileRef = D025AAD226E0A057001721C4 /* THAddViewController.xib */; };
		D025AAD826E0E708001721C4 /* THUserCell.swift in Sources */ = {isa = PBXBuildFile; fileRef = D025AAD626E0E708001721C4 /* THUserCell.swift */; };
		D025AAD926E0E708001721C4 /* THUserCell.xib in Resources */ = {isa = PBXBuildFile; fileRef = D025AAD726E0E708001721C4 /* THUserCell.xib */; };
		D025AADB26E1EB2C001721C4 /* DateExtension.swift in Sources */ = {isa = PBXBuildFile; fileRef = D025AADA26E1EB2C001721C4 /* DateExtension.swift */; };
		D025AADE26E1EB68001721C4 /* FKToast.swift in Sources */ = {isa = PBXBuildFile; fileRef = D025AADD26E1EB68001721C4 /* FKToast.swift */; };
		D05F060C26DC82660021E5BD /* THMenuLoaderView.swift in Sources */ = {isa = PBXBuildFile; fileRef = D05F060B26DC82660021E5BD /* THMenuLoaderView.swift */; };
		D0D39D9026D5134500DAEC98 /* THFloatExtension.swift in Sources */ = {isa = PBXBuildFile; fileRef = D0D39D8F26D5134500DAEC98 /* THFloatExtension.swift */; };
		D0D39D9226D5139B00DAEC98 /* THViewExtension.swift in Sources */ = {isa = PBXBuildFile; fileRef = D0D39D9126D5139B00DAEC98 /* THViewExtension.swift */; };
		D0E0F34C26F8230A0086B488 /* THCellRadiusType.swift in Sources */ = {isa = PBXBuildFile; fileRef = D0E0F34B26F8230A0086B488 /* THCellRadiusType.swift */; };
		D0FE85E826F1D8B90095451B /* THUserExtension.swift in Sources */ = {isa = PBXBuildFile; fileRef = D0FE85E726F1D8B90095451B /* THUserExtension.swift */; };
		D0FE85EA26F1E1EA0095451B /* THRecordExtension.swift in Sources */ = {isa = PBXBuildFile; fileRef = D0FE85E926F1E1EA0095451B /* THRecordExtension.swift */; };
		D0FE85ED26F435970095451B /* THResultsController.swift in Sources */ = {isa = PBXBuildFile; fileRef = D0FE85EC26F435970095451B /* THResultsController.swift */; };
		D0FE85F126F455740095451B /* THDetailViewController.swift in Sources */ = {isa = PBXBuildFile; fileRef = D0FE85EF26F455740095451B /* THDetailViewController.swift */; };
		D0FE85F226F455740095451B /* THDetailViewController.xib in Resources */ = {isa = PBXBuildFile; fileRef = D0FE85F026F455740095451B /* THDetailViewController.xib */; };
		D0FE85F526F60F260095451B /* THRecordCell.swift in Sources */ = {isa = PBXBuildFile; fileRef = D0FE85F326F60F260095451B /* THRecordCell.swift */; };
		D0FE85F626F60F260095451B /* THRecordCell.xib in Resources */ = {isa = PBXBuildFile; fileRef = D0FE85F426F60F260095451B /* THRecordCell.xib */; };
		D0FE85F826F6EAEB0095451B /* THDetailHeaderView.swift in Sources */ = {isa = PBXBuildFile; fileRef = D0FE85F726F6EAEB0095451B /* THDetailHeaderView.swift */; };
		D0FE85FA26F6EDBE0095451B /* THUserDetailView.swift in Sources */ = {isa = PBXBuildFile; fileRef = D0FE85F926F6EDBE0095451B /* THUserDetailView.swift */; };
/* End PBXBuildFile section */

/* Begin PBXFileReference section */
		4DCEFB428E5608CAB8807ACB /* Pods_TonyHelp.framework */ = {isa = PBXFileReference; explicitFileType = wrapper.framework; includeInIndex = 0; path = Pods_TonyHelp.framework; sourceTree = BUILT_PRODUCTS_DIR; };
		755BFF8CCF7D0983A5D0F9B4 /* Pods-TonyHelp.debug.xcconfig */ = {isa = PBXFileReference; includeInIndex = 1; lastKnownFileType = text.xcconfig; name = "Pods-TonyHelp.debug.xcconfig"; path = "Target Support Files/Pods-TonyHelp/Pods-TonyHelp.debug.xcconfig"; sourceTree = "<group>"; };
		C54125899968D90E6AF94636 /* Pods-TonyHelp.release.xcconfig */ = {isa = PBXFileReference; includeInIndex = 1; lastKnownFileType = text.xcconfig; name = "Pods-TonyHelp.release.xcconfig"; path = "Target Support Files/Pods-TonyHelp/Pods-TonyHelp.release.xcconfig"; sourceTree = "<group>"; };
		D0064A1A26A28EA100AD764E /* TonyHelp.app */ = {isa = PBXFileReference; explicitFileType = wrapper.application; includeInIndex = 0; path = TonyHelp.app; sourceTree = BUILT_PRODUCTS_DIR; };
		D0064A1D26A28EA100AD764E /* AppDelegate.swift */ = {isa = PBXFileReference; lastKnownFileType = sourcecode.swift; path = AppDelegate.swift; sourceTree = "<group>"; };
		D0064A2126A28EA100AD764E /* ViewController.swift */ = {isa = PBXFileReference; lastKnownFileType = sourcecode.swift; path = ViewController.swift; sourceTree = "<group>"; };
		D0064A2426A28EA100AD764E /* Base */ = {isa = PBXFileReference; lastKnownFileType = file.storyboard; name = Base; path = Base.lproj/Main.storyboard; sourceTree = "<group>"; };
		D0064A2626A28EA200AD764E /* Assets.xcassets */ = {isa = PBXFileReference; lastKnownFileType = folder.assetcatalog; path = Assets.xcassets; sourceTree = "<group>"; };
		D0064A2926A28EA200AD764E /* Base */ = {isa = PBXFileReference; lastKnownFileType = file.storyboard; name = Base; path = Base.lproj/LaunchScreen.storyboard; sourceTree = "<group>"; };
		D0064A2B26A28EA200AD764E /* Info.plist */ = {isa = PBXFileReference; lastKnownFileType = text.plist.xml; path = Info.plist; sourceTree = "<group>"; };
		D010609C26CCFB7D001626A0 /* THPasswordController.swift */ = {isa = PBXFileReference; lastKnownFileType = sourcecode.swift; path = THPasswordController.swift; sourceTree = "<group>"; };
		D010609D26CCFB7D001626A0 /* THPasswordController.xib */ = {isa = PBXFileReference; lastKnownFileType = file.xib; path = THPasswordController.xib; sourceTree = "<group>"; };
		D01060A026CCFC9C001626A0 /* PwSecureView.swift */ = {isa = PBXFileReference; fileEncoding = 4; lastKnownFileType = sourcecode.swift; path = PwSecureView.swift; sourceTree = "<group>"; };
		D01060A226CCFCEE001626A0 /* PwNumberLayout.swift */ = {isa = PBXFileReference; fileEncoding = 4; lastKnownFileType = sourcecode.swift; path = PwNumberLayout.swift; sourceTree = "<group>"; };
		D01060A426CD117D001626A0 /* PwNumberCell.swift */ = {isa = PBXFileReference; fileEncoding = 4; lastKnownFileType = sourcecode.swift; path = PwNumberCell.swift; sourceTree = "<group>"; };
		D01060A626CD1182001626A0 /* PwNumberCell.xib */ = {isa = PBXFileReference; fileEncoding = 4; lastKnownFileType = file.xib; path = PwNumberCell.xib; sourceTree = "<group>"; };
		D01060A926CDE30D001626A0 /* DataBaseProtocol.swift */ = {isa = PBXFileReference; fileEncoding = 4; lastKnownFileType = sourcecode.swift; path = DataBaseProtocol.swift; sourceTree = "<group>"; };
		D01060AA26CDE30D001626A0 /* Account+CoreDataProperties.swift */ = {isa = PBXFileReference; fileEncoding = 4; lastKnownFileType = sourcecode.swift; path = "Account+CoreDataProperties.swift"; sourceTree = "<group>"; };
		D01060AB26CDE30D001626A0 /* ExtensionCoreData.swift */ = {isa = PBXFileReference; fileEncoding = 4; lastKnownFileType = sourcecode.swift; path = ExtensionCoreData.swift; sourceTree = "<group>"; };
		D01060AC26CDE30D001626A0 /* Account+CoreDataClass.swift */ = {isa = PBXFileReference; fileEncoding = 4; lastKnownFileType = sourcecode.swift; path = "Account+CoreDataClass.swift"; sourceTree = "<group>"; };
		D01060AD26CDE30D001626A0 /* AppKey+CoreDataClass.swift */ = {isa = PBXFileReference; fileEncoding = 4; lastKnownFileType = sourcecode.swift; path = "AppKey+CoreDataClass.swift"; sourceTree = "<group>"; };
		D01060AE26CDE30D001626A0 /* AppKey+CoreDataProperties.swift */ = {isa = PBXFileReference; fileEncoding = 4; lastKnownFileType = sourcecode.swift; path = "AppKey+CoreDataProperties.swift"; sourceTree = "<group>"; };
		D01060B726CDE33D001626A0 /* PwToast.swift */ = {isa = PBXFileReference; fileEncoding = 4; lastKnownFileType = sourcecode.swift; path = PwToast.swift; sourceTree = "<group>"; };
		D01060B826CDE33D001626A0 /* PwDisplayManager.swift */ = {isa = PBXFileReference; fileEncoding = 4; lastKnownFileType = sourcecode.swift; path = PwDisplayManager.swift; sourceTree = "<group>"; };
		D01060BA26CDE33D001626A0 /* PwActionView.swift */ = {isa = PBXFileReference; fileEncoding = 4; lastKnownFileType = sourcecode.swift; path = PwActionView.swift; sourceTree = "<group>"; };
		D01060BF26CDE52C001626A0 /* TonyHelp.xcdatamodel */ = {isa = PBXFileReference; lastKnownFileType = wrapper.xcdatamodel; path = TonyHelp.xcdatamodel; sourceTree = "<group>"; };
		D01060C226D381A9001626A0 /* THTabbarMenu.swift */ = {isa = PBXFileReference; lastKnownFileType = sourcecode.swift; path = THTabbarMenu.swift; sourceTree = "<group>"; };
		D025AAD126E0A057001721C4 /* THAddViewController.swift */ = {isa = PBXFileReference; lastKnownFileType = sourcecode.swift; path = THAddViewController.swift; sourceTree = "<group>"; };
		D025AAD226E0A057001721C4 /* THAddViewController.xib */ = {isa = PBXFileReference; lastKnownFileType = file.xib; path = THAddViewController.xib; sourceTree = "<group>"; };
		D025AAD626E0E708001721C4 /* THUserCell.swift */ = {isa = PBXFileReference; lastKnownFileType = sourcecode.swift; path = THUserCell.swift; sourceTree = "<group>"; };
		D025AAD726E0E708001721C4 /* THUserCell.xib */ = {isa = PBXFileReference; lastKnownFileType = file.xib; path = THUserCell.xib; sourceTree = "<group>"; };
		D025AADA26E1EB2C001721C4 /* DateExtension.swift */ = {isa = PBXFileReference; fileEncoding = 4; lastKnownFileType = sourcecode.swift; path = DateExtension.swift; sourceTree = "<group>"; };
		D025AADD26E1EB68001721C4 /* FKToast.swift */ = {isa = PBXFileReference; fileEncoding = 4; lastKnownFileType = sourcecode.swift; path = FKToast.swift; sourceTree = "<group>"; };
		D05F060B26DC82660021E5BD /* THMenuLoaderView.swift */ = {isa = PBXFileReference; lastKnownFileType = sourcecode.swift; path = THMenuLoaderView.swift; sourceTree = "<group>"; };
		D0D39D8F26D5134500DAEC98 /* THFloatExtension.swift */ = {isa = PBXFileReference; lastKnownFileType = sourcecode.swift; path = THFloatExtension.swift; sourceTree = "<group>"; };
		D0D39D9126D5139B00DAEC98 /* THViewExtension.swift */ = {isa = PBXFileReference; lastKnownFileType = sourcecode.swift; path = THViewExtension.swift; sourceTree = "<group>"; };
		D0E0F34B26F8230A0086B488 /* THCellRadiusType.swift */ = {isa = PBXFileReference; lastKnownFileType = sourcecode.swift; path = THCellRadiusType.swift; sourceTree = "<group>"; };
		D0FE85E726F1D8B90095451B /* THUserExtension.swift */ = {isa = PBXFileReference; lastKnownFileType = sourcecode.swift; path = THUserExtension.swift; sourceTree = "<group>"; };
		D0FE85E926F1E1EA0095451B /* THRecordExtension.swift */ = {isa = PBXFileReference; lastKnownFileType = sourcecode.swift; path = THRecordExtension.swift; sourceTree = "<group>"; };
		D0FE85EC26F435970095451B /* THResultsController.swift */ = {isa = PBXFileReference; lastKnownFileType = sourcecode.swift; path = THResultsController.swift; sourceTree = "<group>"; };
		D0FE85EF26F455740095451B /* THDetailViewController.swift */ = {isa = PBXFileReference; lastKnownFileType = sourcecode.swift; path = THDetailViewController.swift; sourceTree = "<group>"; };
		D0FE85F026F455740095451B /* THDetailViewController.xib */ = {isa = PBXFileReference; lastKnownFileType = file.xib; path = THDetailViewController.xib; sourceTree = "<group>"; };
		D0FE85F326F60F260095451B /* THRecordCell.swift */ = {isa = PBXFileReference; lastKnownFileType = sourcecode.swift; path = THRecordCell.swift; sourceTree = "<group>"; };
		D0FE85F426F60F260095451B /* THRecordCell.xib */ = {isa = PBXFileReference; lastKnownFileType = file.xib; path = THRecordCell.xib; sourceTree = "<group>"; };
		D0FE85F726F6EAEB0095451B /* THDetailHeaderView.swift */ = {isa = PBXFileReference; lastKnownFileType = sourcecode.swift; path = THDetailHeaderView.swift; sourceTree = "<group>"; };
		D0FE85F926F6EDBE0095451B /* THUserDetailView.swift */ = {isa = PBXFileReference; lastKnownFileType = sourcecode.swift; path = THUserDetailView.swift; sourceTree = "<group>"; };
/* End PBXFileReference section */

/* Begin PBXFrameworksBuildPhase section */
		D0064A1726A28EA100AD764E /* Frameworks */ = {
			isa = PBXFrameworksBuildPhase;
			buildActionMask = 2147483647;
			files = (
				0071742A36F0FADD56A2A041 /* Pods_TonyHelp.framework in Frameworks */,
			);
			runOnlyForDeploymentPostprocessing = 0;
		};
/* End PBXFrameworksBuildPhase section */

/* Begin PBXGroup section */
		9F39F8E615825E843E2276CB /* Frameworks */ = {
			isa = PBXGroup;
			children = (
				4DCEFB428E5608CAB8807ACB /* Pods_TonyHelp.framework */,
			);
			name = Frameworks;
			sourceTree = "<group>";
		};
		C1DD0EF4933FE16196AF7E1B /* Pods */ = {
			isa = PBXGroup;
			children = (
				755BFF8CCF7D0983A5D0F9B4 /* Pods-TonyHelp.debug.xcconfig */,
				C54125899968D90E6AF94636 /* Pods-TonyHelp.release.xcconfig */,
			);
			path = Pods;
			sourceTree = "<group>";
		};
		D0064A1126A28EA100AD764E = {
			isa = PBXGroup;
			children = (
				D0064A1C26A28EA100AD764E /* TonyHelp */,
				D0064A1B26A28EA100AD764E /* Products */,
				C1DD0EF4933FE16196AF7E1B /* Pods */,
				9F39F8E615825E843E2276CB /* Frameworks */,
			);
			sourceTree = "<group>";
		};
		D0064A1B26A28EA100AD764E /* Products */ = {
			isa = PBXGroup;
			children = (
				D0064A1A26A28EA100AD764E /* TonyHelp.app */,
			);
			name = Products;
			sourceTree = "<group>";
		};
		D0064A1C26A28EA100AD764E /* TonyHelp */ = {
			isa = PBXGroup;
			children = (
				D010609926CCF582001626A0 /* Client */,
				D0064A1D26A28EA100AD764E /* AppDelegate.swift */,
				D0064A2326A28EA100AD764E /* Main.storyboard */,
				D0064A2626A28EA200AD764E /* Assets.xcassets */,
				D0064A2826A28EA200AD764E /* LaunchScreen.storyboard */,
				D0064A2B26A28EA200AD764E /* Info.plist */,
				D01060BE26CDE52C001626A0 /* TonyHelp.xcdatamodeld */,
			);
			path = TonyHelp;
			sourceTree = "<group>";
		};
		D010609926CCF582001626A0 /* Client */ = {
			isa = PBXGroup;
			children = (
				D01060B526CDE33D001626A0 /* Units */,
				D01060A826CDE30D001626A0 /* Data */,
				D010609A26CCF58F001626A0 /* Module */,
			);
			path = Client;
			sourceTree = "<group>";
		};
		D010609A26CCF58F001626A0 /* Module */ = {
			isa = PBXGroup;
			children = (
				D0FE85EE26F4554C0095451B /* Detail */,
				D0FE85EB26F435780095451B /* Results */,
				D025AAD526E0E650001721C4 /* Home */,
				D025AACF26E0A013001721C4 /* Add */,
				D010609B26CCF821001626A0 /* Password */,
			);
			path = Module;
			sourceTree = "<group>";
		};
		D010609B26CCF821001626A0 /* Password */ = {
			isa = PBXGroup;
			children = (
				D01060A626CD1182001626A0 /* PwNumberCell.xib */,
				D01060A426CD117D001626A0 /* PwNumberCell.swift */,
				D01060A226CCFCEE001626A0 /* PwNumberLayout.swift */,
				D01060A026CCFC9C001626A0 /* PwSecureView.swift */,
				D010609C26CCFB7D001626A0 /* THPasswordController.swift */,
				D010609D26CCFB7D001626A0 /* THPasswordController.xib */,
			);
			path = Password;
			sourceTree = "<group>";
		};
		D01060A826CDE30D001626A0 /* Data */ = {
			isa = PBXGroup;
			children = (
				D01060A926CDE30D001626A0 /* DataBaseProtocol.swift */,
				D01060AA26CDE30D001626A0 /* Account+CoreDataProperties.swift */,
				D01060AB26CDE30D001626A0 /* ExtensionCoreData.swift */,
				D01060AC26CDE30D001626A0 /* Account+CoreDataClass.swift */,
				D01060AD26CDE30D001626A0 /* AppKey+CoreDataClass.swift */,
				D01060AE26CDE30D001626A0 /* AppKey+CoreDataProperties.swift */,
				D0FE85E726F1D8B90095451B /* THUserExtension.swift */,
				D0FE85E926F1E1EA0095451B /* THRecordExtension.swift */,
			);
			path = Data;
			sourceTree = "<group>";
		};
		D01060B526CDE33D001626A0 /* Units */ = {
			isa = PBXGroup;
			children = (
				D025AADC26E1EB68001721C4 /* Toast */,
				D0D39D8E26D5132600DAEC98 /* Extension */,
				D01060C126D38154001626A0 /* View */,
				D01060B626CDE33D001626A0 /* Manager */,
				D01060B926CDE33D001626A0 /* ActionView */,
			);
			path = Units;
			sourceTree = "<group>";
		};
		D01060B626CDE33D001626A0 /* Manager */ = {
			isa = PBXGroup;
			children = (
				D01060B726CDE33D001626A0 /* PwToast.swift */,
				D01060B826CDE33D001626A0 /* PwDisplayManager.swift */,
			);
			path = Manager;
			sourceTree = "<group>";
		};
		D01060B926CDE33D001626A0 /* ActionView */ = {
			isa = PBXGroup;
			children = (
				D01060BA26CDE33D001626A0 /* PwActionView.swift */,
			);
			path = ActionView;
			sourceTree = "<group>";
		};
		D01060C126D38154001626A0 /* View */ = {
			isa = PBXGroup;
			children = (
				D01060C226D381A9001626A0 /* THTabbarMenu.swift */,
				D05F060B26DC82660021E5BD /* THMenuLoaderView.swift */,
				D0E0F34B26F8230A0086B488 /* THCellRadiusType.swift */,
			);
			path = View;
			sourceTree = "<group>";
		};
		D025AACF26E0A013001721C4 /* Add */ = {
			isa = PBXGroup;
			children = (
				D025AAD026E0A01A001721C4 /* Controller */,
			);
			path = Add;
			sourceTree = "<group>";
		};
		D025AAD026E0A01A001721C4 /* Controller */ = {
			isa = PBXGroup;
			children = (
				D025AAD126E0A057001721C4 /* THAddViewController.swift */,
				D025AAD226E0A057001721C4 /* THAddViewController.xib */,
			);
			path = Controller;
			sourceTree = "<group>";
		};
		D025AAD526E0E650001721C4 /* Home */ = {
			isa = PBXGroup;
			children = (
				D0064A2126A28EA100AD764E /* ViewController.swift */,
				D025AAD626E0E708001721C4 /* THUserCell.swift */,
				D025AAD726E0E708001721C4 /* THUserCell.xib */,
			);
			path = Home;
			sourceTree = "<group>";
		};
		D025AADC26E1EB68001721C4 /* Toast */ = {
			isa = PBXGroup;
			children = (
				D025AADD26E1EB68001721C4 /* FKToast.swift */,
			);
			path = Toast;
			sourceTree = "<group>";
		};
		D0D39D8E26D5132600DAEC98 /* Extension */ = {
			isa = PBXGroup;
			children = (
				D025AADA26E1EB2C001721C4 /* DateExtension.swift */,
				D0D39D8F26D5134500DAEC98 /* THFloatExtension.swift */,
				D0D39D9126D5139B00DAEC98 /* THViewExtension.swift */,
			);
			path = Extension;
			sourceTree = "<group>";
		};
		D0FE85EB26F435780095451B /* Results */ = {
			isa = PBXGroup;
			children = (
				D0FE85EC26F435970095451B /* THResultsController.swift */,
			);
			path = Results;
			sourceTree = "<group>";
		};
		D0FE85EE26F4554C0095451B /* Detail */ = {
			isa = PBXGroup;
			children = (
				D0FE85EF26F455740095451B /* THDetailViewController.swift */,
				D0FE85F026F455740095451B /* THDetailViewController.xib */,
				D0FE85F326F60F260095451B /* THRecordCell.swift */,
				D0FE85F426F60F260095451B /* THRecordCell.xib */,
				D0FE85F726F6EAEB0095451B /* THDetailHeaderView.swift */,
				D0FE85F926F6EDBE0095451B /* THUserDetailView.swift */,
			);
			path = Detail;
			sourceTree = "<group>";
		};
/* End PBXGroup section */

/* Begin PBXNativeTarget section */
		D0064A1926A28EA100AD764E /* TonyHelp */ = {
			isa = PBXNativeTarget;
			buildConfigurationList = D0064A2E26A28EA200AD764E /* Build configuration list for PBXNativeTarget "TonyHelp" */;
			buildPhases = (
				A3C91A4D3F49ACD2EB85835D /* [CP] Check Pods Manifest.lock */,
				D0064A1626A28EA100AD764E /* Sources */,
				D0064A1726A28EA100AD764E /* Frameworks */,
				D0064A1826A28EA100AD764E /* Resources */,
				A165F3AADDEFA6F003D934F7 /* [CP] Embed Pods Frameworks */,
			);
			buildRules = (
			);
			dependencies = (
			);
			name = TonyHelp;
			productName = TonyHelp;
			productReference = D0064A1A26A28EA100AD764E /* TonyHelp.app */;
			productType = "com.apple.product-type.application";
		};
/* End PBXNativeTarget section */

/* Begin PBXProject section */
		D0064A1226A28EA100AD764E /* Project object */ = {
			isa = PBXProject;
			attributes = {
				CLASSPREFIX = TH;
				LastSwiftUpdateCheck = 1250;
				LastUpgradeCheck = 1250;
				ORGANIZATIONNAME = Tony;
				TargetAttributes = {
					D0064A1926A28EA100AD764E = {
						CreatedOnToolsVersion = 12.5;
					};
				};
			};
			buildConfigurationList = D0064A1526A28EA100AD764E /* Build configuration list for PBXProject "TonyHelp" */;
			compatibilityVersion = "Xcode 12.0";
			developmentRegion = en;
			hasScannedForEncodings = 0;
			knownRegions = (
				en,
				Base,
			);
			mainGroup = D0064A1126A28EA100AD764E;
			productRefGroup = D0064A1B26A28EA100AD764E /* Products */;
			projectDirPath = "";
			projectRoot = "";
			targets = (
				D0064A1926A28EA100AD764E /* TonyHelp */,
			);
		};
/* End PBXProject section */

/* Begin PBXResourcesBuildPhase section */
		D0064A1826A28EA100AD764E /* Resources */ = {
			isa = PBXResourcesBuildPhase;
			buildActionMask = 2147483647;
			files = (
				D025AAD426E0A057001721C4 /* THAddViewController.xib in Resources */,
				D0FE85F226F455740095451B /* THDetailViewController.xib in Resources */,
				D01060A726CD1182001626A0 /* PwNumberCell.xib in Resources */,
				D010609F26CCFB7D001626A0 /* THPasswordController.xib in Resources */,
				D0064A2A26A28EA200AD764E /* LaunchScreen.storyboard in Resources */,
				D025AAD926E0E708001721C4 /* THUserCell.xib in Resources */,
				D0FE85F626F60F260095451B /* THRecordCell.xib in Resources */,
				D0064A2726A28EA200AD764E /* Assets.xcassets in Resources */,
				D0064A2526A28EA100AD764E /* Main.storyboard in Resources */,
			);
			runOnlyForDeploymentPostprocessing = 0;
		};
/* End PBXResourcesBuildPhase section */

/* Begin PBXShellScriptBuildPhase section */
		A165F3AADDEFA6F003D934F7 /* [CP] Embed Pods Frameworks */ = {
			isa = PBXShellScriptBuildPhase;
			buildActionMask = 2147483647;
			files = (
			);
			inputFileListPaths = (
				"${PODS_ROOT}/Target Support Files/Pods-TonyHelp/Pods-TonyHelp-frameworks-${CONFIGURATION}-input-files.xcfilelist",
			);
			name = "[CP] Embed Pods Frameworks";
			outputFileListPaths = (
				"${PODS_ROOT}/Target Support Files/Pods-TonyHelp/Pods-TonyHelp-frameworks-${CONFIGURATION}-output-files.xcfilelist",
			);
			runOnlyForDeploymentPostprocessing = 0;
			shellPath = /bin/sh;
			shellScript = "\"${PODS_ROOT}/Target Support Files/Pods-TonyHelp/Pods-TonyHelp-frameworks.sh\"\n";
			showEnvVarsInLog = 0;
		};
		A3C91A4D3F49ACD2EB85835D /* [CP] Check Pods Manifest.lock */ = {
			isa = PBXShellScriptBuildPhase;
			buildActionMask = 2147483647;
			files = (
			);
			inputFileListPaths = (
			);
			inputPaths = (
				"${PODS_PODFILE_DIR_PATH}/Podfile.lock",
				"${PODS_ROOT}/Manifest.lock",
			);
			name = "[CP] Check Pods Manifest.lock";
			outputFileListPaths = (
			);
			outputPaths = (
				"$(DERIVED_FILE_DIR)/Pods-TonyHelp-checkManifestLockResult.txt",
			);
			runOnlyForDeploymentPostprocessing = 0;
			shellPath = /bin/sh;
			shellScript = "diff \"${PODS_PODFILE_DIR_PATH}/Podfile.lock\" \"${PODS_ROOT}/Manifest.lock\" > /dev/null\nif [ $? != 0 ] ; then\n    # print error to STDERR\n    echo \"error: The sandbox is not in sync with the Podfile.lock. Run 'pod install' or update your CocoaPods installation.\" >&2\n    exit 1\nfi\n# This output is used by Xcode 'outputs' to avoid re-running this script phase.\necho \"SUCCESS\" > \"${SCRIPT_OUTPUT_FILE_0}\"\n";
			showEnvVarsInLog = 0;
		};
/* End PBXShellScriptBuildPhase section */

/* Begin PBXSourcesBuildPhase section */
		D0064A1626A28EA100AD764E /* Sources */ = {
			isa = PBXSourcesBuildPhase;
			buildActionMask = 2147483647;
			files = (
				D01060AF26CDE30D001626A0 /* DataBaseProtocol.swift in Sources */,
				D01060B226CDE30D001626A0 /* Account+CoreDataClass.swift in Sources */,
				D0FE85F826F6EAEB0095451B /* THDetailHeaderView.swift in Sources */,
				D010609E26CCFB7D001626A0 /* THPasswordController.swift in Sources */,
				D0FE85FA26F6EDBE0095451B /* THUserDetailView.swift in Sources */,
				D01060A126CCFC9C001626A0 /* PwSecureView.swift in Sources */,
				D01060A526CD117D001626A0 /* PwNumberCell.swift in Sources */,
				D0FE85F526F60F260095451B /* THRecordCell.swift in Sources */,
				D025AAD326E0A057001721C4 /* THAddViewController.swift in Sources */,
				D01060BC26CDE33D001626A0 /* PwDisplayManager.swift in Sources */,
				D0064A2226A28EA100AD764E /* ViewController.swift in Sources */,
				D01060B426CDE30D001626A0 /* AppKey+CoreDataProperties.swift in Sources */,
				D0FE85F126F455740095451B /* THDetailViewController.swift in Sources */,
				D0064A1E26A28EA100AD764E /* AppDelegate.swift in Sources */,
				D0FE85E826F1D8B90095451B /* THUserExtension.swift in Sources */,
				D01060BB26CDE33D001626A0 /* PwToast.swift in Sources */,
				D01060B126CDE30D001626A0 /* ExtensionCoreData.swift in Sources */,
				D025AADE26E1EB68001721C4 /* FKToast.swift in Sources */,
				D01060B026CDE30D001626A0 /* Account+CoreDataProperties.swift in Sources */,
				D05F060C26DC82660021E5BD /* THMenuLoaderView.swift in Sources */,
				D025AADB26E1EB2C001721C4 /* DateExtension.swift in Sources */,
				D025AAD826E0E708001721C4 /* THUserCell.swift in Sources */,
				D01060C026CDE52C001626A0 /* TonyHelp.xcdatamodeld in Sources */,
				D0E0F34C26F8230A0086B488 /* THCellRadiusType.swift in Sources */,
				D01060C326D381A9001626A0 /* THTabbarMenu.swift in Sources */,
				D0FE85EA26F1E1EA0095451B /* THRecordExtension.swift in Sources */,
				D01060BD26CDE33D001626A0 /* PwActionView.swift in Sources */,
				D01060A326CCFCEE001626A0 /* PwNumberLayout.swift in Sources */,
				D0D39D9026D5134500DAEC98 /* THFloatExtension.swift in Sources */,
				D01060B326CDE30D001626A0 /* AppKey+CoreDataClass.swift in Sources */,
				D0FE85ED26F435970095451B /* THResultsController.swift in Sources */,
				D0D39D9226D5139B00DAEC98 /* THViewExtension.swift in Sources */,
			);
			runOnlyForDeploymentPostprocessing = 0;
		};
/* End PBXSourcesBuildPhase section */

/* Begin PBXVariantGroup section */
		D0064A2326A28EA100AD764E /* Main.storyboard */ = {
			isa = PBXVariantGroup;
			children = (
				D0064A2426A28EA100AD764E /* Base */,
			);
			name = Main.storyboard;
			sourceTree = "<group>";
		};
		D0064A2826A28EA200AD764E /* LaunchScreen.storyboard */ = {
			isa = PBXVariantGroup;
			children = (
				D0064A2926A28EA200AD764E /* Base */,
			);
			name = LaunchScreen.storyboard;
			sourceTree = "<group>";
		};
/* End PBXVariantGroup section */

/* Begin XCBuildConfiguration section */
		D0064A2C26A28EA200AD764E /* Debug */ = {
			isa = XCBuildConfiguration;
			buildSettings = {
				ALWAYS_SEARCH_USER_PATHS = NO;
				CLANG_ANALYZER_NONNULL = YES;
				CLANG_ANALYZER_NUMBER_OBJECT_CONVERSION = YES_AGGRESSIVE;
				CLANG_CXX_LANGUAGE_STANDARD = "gnu++14";
				CLANG_CXX_LIBRARY = "libc++";
				CLANG_ENABLE_MODULES = YES;
				CLANG_ENABLE_OBJC_ARC = YES;
				CLANG_ENABLE_OBJC_WEAK = YES;
				CLANG_WARN_BLOCK_CAPTURE_AUTORELEASING = YES;
				CLANG_WARN_BOOL_CONVERSION = YES;
				CLANG_WARN_COMMA = YES;
				CLANG_WARN_CONSTANT_CONVERSION = YES;
				CLANG_WARN_DEPRECATED_OBJC_IMPLEMENTATIONS = YES;
				CLANG_WARN_DIRECT_OBJC_ISA_USAGE = YES_ERROR;
				CLANG_WARN_DOCUMENTATION_COMMENTS = YES;
				CLANG_WARN_EMPTY_BODY = YES;
				CLANG_WARN_ENUM_CONVERSION = YES;
				CLANG_WARN_INFINITE_RECURSION = YES;
				CLANG_WARN_INT_CONVERSION = YES;
				CLANG_WARN_NON_LITERAL_NULL_CONVERSION = YES;
				CLANG_WARN_OBJC_IMPLICIT_RETAIN_SELF = YES;
				CLANG_WARN_OBJC_LITERAL_CONVERSION = YES;
				CLANG_WARN_OBJC_ROOT_CLASS = YES_ERROR;
				CLANG_WARN_QUOTED_INCLUDE_IN_FRAMEWORK_HEADER = YES;
				CLANG_WARN_RANGE_LOOP_ANALYSIS = YES;
				CLANG_WARN_STRICT_PROTOTYPES = YES;
				CLANG_WARN_SUSPICIOUS_MOVE = YES;
				CLANG_WARN_UNGUARDED_AVAILABILITY = YES_AGGRESSIVE;
				CLANG_WARN_UNREACHABLE_CODE = YES;
				CLANG_WARN__DUPLICATE_METHOD_MATCH = YES;
				COPY_PHASE_STRIP = NO;
				DEBUG_INFORMATION_FORMAT = dwarf;
				ENABLE_STRICT_OBJC_MSGSEND = YES;
				ENABLE_TESTABILITY = YES;
				GCC_C_LANGUAGE_STANDARD = gnu11;
				GCC_DYNAMIC_NO_PIC = NO;
				GCC_NO_COMMON_BLOCKS = YES;
				GCC_OPTIMIZATION_LEVEL = 0;
				GCC_PREPROCESSOR_DEFINITIONS = (
					"DEBUG=1",
					"$(inherited)",
				);
				GCC_WARN_64_TO_32_BIT_CONVERSION = YES;
				GCC_WARN_ABOUT_RETURN_TYPE = YES_ERROR;
				GCC_WARN_UNDECLARED_SELECTOR = YES;
				GCC_WARN_UNINITIALIZED_AUTOS = YES_AGGRESSIVE;
				GCC_WARN_UNUSED_FUNCTION = YES;
				GCC_WARN_UNUSED_VARIABLE = YES;
				IPHONEOS_DEPLOYMENT_TARGET = 14.5;
				MTL_ENABLE_DEBUG_INFO = INCLUDE_SOURCE;
				MTL_FAST_MATH = YES;
				ONLY_ACTIVE_ARCH = YES;
				SDKROOT = iphoneos;
				SWIFT_ACTIVE_COMPILATION_CONDITIONS = DEBUG;
				SWIFT_OPTIMIZATION_LEVEL = "-Onone";
			};
			name = Debug;
		};
		D0064A2D26A28EA200AD764E /* Release */ = {
			isa = XCBuildConfiguration;
			buildSettings = {
				ALWAYS_SEARCH_USER_PATHS = NO;
				CLANG_ANALYZER_NONNULL = YES;
				CLANG_ANALYZER_NUMBER_OBJECT_CONVERSION = YES_AGGRESSIVE;
				CLANG_CXX_LANGUAGE_STANDARD = "gnu++14";
				CLANG_CXX_LIBRARY = "libc++";
				CLANG_ENABLE_MODULES = YES;
				CLANG_ENABLE_OBJC_ARC = YES;
				CLANG_ENABLE_OBJC_WEAK = YES;
				CLANG_WARN_BLOCK_CAPTURE_AUTORELEASING = YES;
				CLANG_WARN_BOOL_CONVERSION = YES;
				CLANG_WARN_COMMA = YES;
				CLANG_WARN_CONSTANT_CONVERSION = YES;
				CLANG_WARN_DEPRECATED_OBJC_IMPLEMENTATIONS = YES;
				CLANG_WARN_DIRECT_OBJC_ISA_USAGE = YES_ERROR;
				CLANG_WARN_DOCUMENTATION_COMMENTS = YES;
				CLANG_WARN_EMPTY_BODY = YES;
				CLANG_WARN_ENUM_CONVERSION = YES;
				CLANG_WARN_INFINITE_RECURSION = YES;
				CLANG_WARN_INT_CONVERSION = YES;
				CLANG_WARN_NON_LITERAL_NULL_CONVERSION = YES;
				CLANG_WARN_OBJC_IMPLICIT_RETAIN_SELF = YES;
				CLANG_WARN_OBJC_LITERAL_CONVERSION = YES;
				CLANG_WARN_OBJC_ROOT_CLASS = YES_ERROR;
				CLANG_WARN_QUOTED_INCLUDE_IN_FRAMEWORK_HEADER = YES;
				CLANG_WARN_RANGE_LOOP_ANALYSIS = YES;
				CLANG_WARN_STRICT_PROTOTYPES = YES;
				CLANG_WARN_SUSPICIOUS_MOVE = YES;
				CLANG_WARN_UNGUARDED_AVAILABILITY = YES_AGGRESSIVE;
				CLANG_WARN_UNREACHABLE_CODE = YES;
				CLANG_WARN__DUPLICATE_METHOD_MATCH = YES;
				COPY_PHASE_STRIP = NO;
				DEBUG_INFORMATION_FORMAT = "dwarf-with-dsym";
				ENABLE_NS_ASSERTIONS = NO;
				ENABLE_STRICT_OBJC_MSGSEND = YES;
				GCC_C_LANGUAGE_STANDARD = gnu11;
				GCC_NO_COMMON_BLOCKS = YES;
				GCC_WARN_64_TO_32_BIT_CONVERSION = YES;
				GCC_WARN_ABOUT_RETURN_TYPE = YES_ERROR;
				GCC_WARN_UNDECLARED_SELECTOR = YES;
				GCC_WARN_UNINITIALIZED_AUTOS = YES_AGGRESSIVE;
				GCC_WARN_UNUSED_FUNCTION = YES;
				GCC_WARN_UNUSED_VARIABLE = YES;
				IPHONEOS_DEPLOYMENT_TARGET = 14.5;
				MTL_ENABLE_DEBUG_INFO = NO;
				MTL_FAST_MATH = YES;
				SDKROOT = iphoneos;
				SWIFT_COMPILATION_MODE = wholemodule;
				SWIFT_OPTIMIZATION_LEVEL = "-O";
				VALIDATE_PRODUCT = YES;
			};
			name = Release;
		};
		D0064A2F26A28EA200AD764E /* Debug */ = {
			isa = XCBuildConfiguration;
			baseConfigurationReference = 755BFF8CCF7D0983A5D0F9B4 /* Pods-TonyHelp.debug.xcconfig */;
			buildSettings = {
				ASSETCATALOG_COMPILER_APPICON_NAME = AppIcon;
				ASSETCATALOG_COMPILER_GLOBAL_ACCENT_COLOR_NAME = AccentColor;
				CODE_SIGN_STYLE = Automatic;
				DEVELOPMENT_TEAM = C4K52PEMM5;
				INFOPLIST_FILE = TonyHelp/Info.plist;
				IPHONEOS_DEPLOYMENT_TARGET = 13.0;
				LD_RUNPATH_SEARCH_PATHS = (
					"$(inherited)",
					"@executable_path/Frameworks",
				);
				PRODUCT_BUNDLE_IDENTIFIER = com.tony.iOS.Tony;
				PRODUCT_NAME = "$(TARGET_NAME)";
				SWIFT_VERSION = 5.0;
				TARGETED_DEVICE_FAMILY = 1;
			};
			name = Debug;
		};
		D0064A3026A28EA200AD764E /* Release */ = {
			isa = XCBuildConfiguration;
			baseConfigurationReference = C54125899968D90E6AF94636 /* Pods-TonyHelp.release.xcconfig */;
			buildSettings = {
				ASSETCATALOG_COMPILER_APPICON_NAME = AppIcon;
				ASSETCATALOG_COMPILER_GLOBAL_ACCENT_COLOR_NAME = AccentColor;
				CODE_SIGN_STYLE = Automatic;
				DEVELOPMENT_TEAM = C4K52PEMM5;
				INFOPLIST_FILE = TonyHelp/Info.plist;
				IPHONEOS_DEPLOYMENT_TARGET = 13.0;
				LD_RUNPATH_SEARCH_PATHS = (
					"$(inherited)",
					"@executable_path/Frameworks",
				);
				PRODUCT_BUNDLE_IDENTIFIER = com.tony.iOS.Tony;
				PRODUCT_NAME = "$(TARGET_NAME)";
				SWIFT_VERSION = 5.0;
				TARGETED_DEVICE_FAMILY = 1;
			};
			name = Release;
		};
/* End XCBuildConfiguration section */

/* Begin XCConfigurationList section */
		D0064A1526A28EA100AD764E /* Build configuration list for PBXProject "TonyHelp" */ = {
			isa = XCConfigurationList;
			buildConfigurations = (
				D0064A2C26A28EA200AD764E /* Debug */,
				D0064A2D26A28EA200AD764E /* Release */,
			);
			defaultConfigurationIsVisible = 0;
			defaultConfigurationName = Release;
		};
		D0064A2E26A28EA200AD764E /* Build configuration list for PBXNativeTarget "TonyHelp" */ = {
			isa = XCConfigurationList;
			buildConfigurations = (
				D0064A2F26A28EA200AD764E /* Debug */,
				D0064A3026A28EA200AD764E /* Release */,
			);
			defaultConfigurationIsVisible = 0;
			defaultConfigurationName = Release;
		};
/* End XCConfigurationList section */

/* Begin XCVersionGroup section */
		D01060BE26CDE52C001626A0 /* TonyHelp.xcdatamodeld */ = {
			isa = XCVersionGroup;
			children = (
				D01060BF26CDE52C001626A0 /* TonyHelp.xcdatamodel */,
			);
			currentVersion = D01060BF26CDE52C001626A0 /* TonyHelp.xcdatamodel */;
			path = TonyHelp.xcdatamodeld;
			sourceTree = "<group>";
			versionGroupType = wrapper.xcdatamodel;
		};
/* End XCVersionGroup section */
	};
	rootObject = D0064A1226A28EA100AD764E /* Project object */;
}
